
Microsoft Visual Studio Solution File, Format Version 12.00
# Visual Studio Version 16
VisualStudioVersion = 16.0.34601.136
MinimumVisualStudioVersion = 10.0.40219.1
Project("{FAE04EC0-301F-11D3-BF4B-00C04F79EFBC}") = "SwitchStatements", "SwitchStatements.csproj", "{E62A78B0-DBEE-44B8-9F22-484E900CC5FC}"
EndProject
Global
	GlobalSection(SolutionConfigurationPlatforms) = preSolution
		Debug|Any CPU = Debug|Any CPU
		Release|Any CPU = Release|Any CPU
	EndGlobalSection
	GlobalSection(ProjectConfigurationPlatforms) = postSolution
		{E62A78B0-DBEE-44B8-9F22-484E900CC5FC}.Debug|Any CPU.ActiveCfg = Debug|Any CPU
		{E62A78B0-DBEE-44B8-9F22-484E900CC5FC}.Debug|Any CPU.Build.0 = Debug|Any CPU
		{E62A78B0-DBEE-44B8-9F22-484E900CC5FC}.Release|Any CPU.ActiveCfg = Release|Any CPU
		{E62A78B0-DBEE-44B8-9F22-484E900CC5FC}.Release|Any CPU.Build.0 = Release|Any CPU
	EndGlobalSection
	GlobalSection(SolutionProperties) = preSolution
		HideSolutionNode = FALSE
	EndGlobalSection
	GlobalSection(ExtensibilityGlobals) = postSolution
		SolutionGuid = {744F2716-BC57-4C24-9BE3-B2AEEDD088CB}
	EndGlobalSection
EndGlobal
